
Microsoft Visual Studio Solution File, Format Version 12.00
# Visual Studio Version 17
VisualStudioVersion = 17.5.33502.453
MinimumVisualStudioVersion = 10.0.40219.1
Project("{FAE04EC0-301F-11D3-BF4B-00C04F79EFBC}") = "Prueba", "Prueba\Prueba.csproj", "{D2B36BAB-253E-45B6-A207-DA1047B1AAD0}"
EndProject
Global
	GlobalSection(SolutionConfigurationPlatforms) = preSolution
		Debug|Any CPU = Debug|Any CPU
		Release|Any CPU = Release|Any CPU
	EndGlobalSection
	GlobalSection(ProjectConfigurationPlatforms) = postSolution
		{D2B36BAB-253E-45B6-A207-DA1047B1AAD0}.Debug|Any CPU.ActiveCfg = Debug|Any CPU
		{D2B36BAB-253E-45B6-A207-DA1047B1AAD0}.Debug|Any CPU.Build.0 = Debug|Any CPU
		{D2B36BAB-253E-45B6-A207-DA1047B1AAD0}.Release|Any CPU.ActiveCfg = Release|Any CPU
		{D2B36BAB-253E-45B6-A207-DA1047B1AAD0}.Release|Any CPU.Build.0 = Release|Any CPU
	EndGlobalSection
	GlobalSection(SolutionProperties) = preSolution
		HideSolutionNode = FALSE
	EndGlobalSection
	GlobalSection(ExtensibilityGlobals) = postSolution
		SolutionGuid = {0D345BB0-6DF3-48E7-AE69-816EF4D4D7B0}
	EndGlobalSection
EndGlobal
